
Microsoft Visual Studio Solution File, Format Version 12.00
# Visual Studio Version 17
VisualStudioVersion = 17.4.33213.308
MinimumVisualStudioVersion = 10.0.40219.1
Project("{FAE04EC0-301F-11D3-BF4B-00C04F79EFBC}") = "GUIH2", "GUIH2.csproj", "{E3CDCBFB-268C-4DBC-93C1-370855D91878}"
EndProject
Global
	GlobalSection(SolutionConfigurationPlatforms) = preSolution
		Debug|Any CPU = Debug|Any CPU
		Release|Any CPU = Release|Any CPU
	EndGlobalSection
	GlobalSection(ProjectConfigurationPlatforms) = postSolution
		{E3CDCBFB-268C-4DBC-93C1-370855D91878}.Debug|Any CPU.ActiveCfg = Debug|Any CPU
		{E3CDCBFB-268C-4DBC-93C1-370855D91878}.Debug|Any CPU.Build.0 = Debug|Any CPU
		{E3CDCBFB-268C-4DBC-93C1-370855D91878}.Release|Any CPU.ActiveCfg = Release|Any CPU
		{E3CDCBFB-268C-4DBC-93C1-370855D91878}.Release|Any CPU.Build.0 = Release|Any CPU
	EndGlobalSection
	GlobalSection(SolutionProperties) = preSolution
		HideSolutionNode = FALSE
	EndGlobalSection
	GlobalSection(ExtensibilityGlobals) = postSolution
		SolutionGuid = {A3B0F859-CC6D-4F04-B24B-91BC33789087}
	EndGlobalSection
EndGlobal
